
Microsoft Visual Studio Solution File, Format Version 12.00
# Visual Studio Version 17
VisualStudioVersion = 17.8.34330.188
MinimumVisualStudioVersion = 10.0.40219.1
Project("{FAE04EC0-301F-11D3-BF4B-00C04F79EFBC}") = "NZWalks.API", "NZWalks.API\NZWalks.API.csproj", "{BEB30B60-30A4-431A-BB44-A1E5C432037E}"
EndProject
Global
	GlobalSection(SolutionConfigurationPlatforms) = preSolution
		Debug|Any CPU = Debug|Any CPU
		Release|Any CPU = Release|Any CPU
	EndGlobalSection
	GlobalSection(ProjectConfigurationPlatforms) = postSolution
		{BEB30B60-30A4-431A-BB44-A1E5C432037E}.Debug|Any CPU.ActiveCfg = Debug|Any CPU
		{BEB30B60-30A4-431A-BB44-A1E5C432037E}.Debug|Any CPU.Build.0 = Debug|Any CPU
		{BEB30B60-30A4-431A-BB44-A1E5C432037E}.Release|Any CPU.ActiveCfg = Release|Any CPU
		{BEB30B60-30A4-431A-BB44-A1E5C432037E}.Release|Any CPU.Build.0 = Release|Any CPU
	EndGlobalSection
	GlobalSection(SolutionProperties) = preSolution
		HideSolutionNode = FALSE
	EndGlobalSection
	GlobalSection(ExtensibilityGlobals) = postSolution
		SolutionGuid = {A53F1177-9853-47AD-B165-76E0436887C7}
	EndGlobalSection
EndGlobal
